
Microsoft Visual Studio Solution File, Format Version 12.00
# Visual Studio Version 16
VisualStudioVersion = 16.0.30907.101
MinimumVisualStudioVersion = 10.0.40219.1
Project("{FAE04EC0-301F-11D3-BF4B-00C04F79EFBC}") = "KomodoCafe", "KomodoCafe\KomodoCafe.csproj", "{90DA5CB2-A2BF-4CB9-A333-322A23673EF6}"
EndProject
Project("{FAE04EC0-301F-11D3-BF4B-00C04F79EFBC}") = "KomodoCafeTests", "KomodoCafeTests\KomodoCafeTests.csproj", "{3639871A-480C-4356-A0F7-C456D85ACBED}"
EndProject
Project("{FAE04EC0-301F-11D3-BF4B-00C04F79EFBC}") = "KomodoClaims", "KomodoClaims\KomodoClaims.csproj", "{9E86E8D8-266B-427A-95F7-89FB08BDD0C0}"
EndProject
Project("{FAE04EC0-301F-11D3-BF4B-00C04F79EFBC}") = "KomodoClaimTests", "ClaimTests\KomodoClaimTests.csproj", "{97A7E95B-B81D-4FA8-8241-B54DD2966AC1}"
EndProject
Project("{FAE04EC0-301F-11D3-BF4B-00C04F79EFBC}") = "KomodoClaimRepository", "ClaimRepository\KomodoClaimRepository.csproj", "{77593F93-2BCA-43E4-B292-9FE0C6520CC7}"
EndProject
Project("{FAE04EC0-301F-11D3-BF4B-00C04F79EFBC}") = "Komodo Badges", "Komodo Badges\Komodo Badges.csproj", "{A9B8CFDF-25E7-4D5A-A782-3127200D7D36}"
EndProject
Project("{FAE04EC0-301F-11D3-BF4B-00C04F79EFBC}") = "BadgesRepo", "BadgesRepo\BadgesRepo.csproj", "{06E589A1-3012-4C75-9FEE-6CDB9732B1FF}"
EndProject
Global
	GlobalSection(SolutionConfigurationPlatforms) = preSolution
		Debug|Any CPU = Debug|Any CPU
		Release|Any CPU = Release|Any CPU
	EndGlobalSection
	GlobalSection(ProjectConfigurationPlatforms) = postSolution
		{90DA5CB2-A2BF-4CB9-A333-322A23673EF6}.Debug|Any CPU.ActiveCfg = Debug|Any CPU
		{90DA5CB2-A2BF-4CB9-A333-322A23673EF6}.Debug|Any CPU.Build.0 = Debug|Any CPU
		{90DA5CB2-A2BF-4CB9-A333-322A23673EF6}.Release|Any CPU.ActiveCfg = Release|Any CPU
		{90DA5CB2-A2BF-4CB9-A333-322A23673EF6}.Release|Any CPU.Build.0 = Release|Any CPU
		{3639871A-480C-4356-A0F7-C456D85ACBED}.Debug|Any CPU.ActiveCfg = Debug|Any CPU
		{3639871A-480C-4356-A0F7-C456D85ACBED}.Debug|Any CPU.Build.0 = Debug|Any CPU
		{3639871A-480C-4356-A0F7-C456D85ACBED}.Release|Any CPU.ActiveCfg = Release|Any CPU
		{3639871A-480C-4356-A0F7-C456D85ACBED}.Release|Any CPU.Build.0 = Release|Any CPU
		{9E86E8D8-266B-427A-95F7-89FB08BDD0C0}.Debug|Any CPU.ActiveCfg = Debug|Any CPU
		{9E86E8D8-266B-427A-95F7-89FB08BDD0C0}.Debug|Any CPU.Build.0 = Debug|Any CPU
		{9E86E8D8-266B-427A-95F7-89FB08BDD0C0}.Release|Any CPU.ActiveCfg = Release|Any CPU
		{9E86E8D8-266B-427A-95F7-89FB08BDD0C0}.Release|Any CPU.Build.0 = Release|Any CPU
		{97A7E95B-B81D-4FA8-8241-B54DD2966AC1}.Debug|Any CPU.ActiveCfg = Debug|Any CPU
		{97A7E95B-B81D-4FA8-8241-B54DD2966AC1}.Debug|Any CPU.Build.0 = Debug|Any CPU
		{97A7E95B-B81D-4FA8-8241-B54DD2966AC1}.Release|Any CPU.ActiveCfg = Release|Any CPU
		{97A7E95B-B81D-4FA8-8241-B54DD2966AC1}.Release|Any CPU.Build.0 = Release|Any CPU
		{77593F93-2BCA-43E4-B292-9FE0C6520CC7}.Debug|Any CPU.ActiveCfg = Debug|Any CPU
		{77593F93-2BCA-43E4-B292-9FE0C6520CC7}.Debug|Any CPU.Build.0 = Debug|Any CPU
		{77593F93-2BCA-43E4-B292-9FE0C6520CC7}.Release|Any CPU.ActiveCfg = Release|Any CPU
		{77593F93-2BCA-43E4-B292-9FE0C6520CC7}.Release|Any CPU.Build.0 = Release|Any CPU
		{A9B8CFDF-25E7-4D5A-A782-3127200D7D36}.Debug|Any CPU.ActiveCfg = Debug|Any CPU
		{A9B8CFDF-25E7-4D5A-A782-3127200D7D36}.Debug|Any CPU.Build.0 = Debug|Any CPU
		{A9B8CFDF-25E7-4D5A-A782-3127200D7D36}.Release|Any CPU.ActiveCfg = Release|Any CPU
		{A9B8CFDF-25E7-4D5A-A782-3127200D7D36}.Release|Any CPU.Build.0 = Release|Any CPU
		{06E589A1-3012-4C75-9FEE-6CDB9732B1FF}.Debug|Any CPU.ActiveCfg = Debug|Any CPU
		{06E589A1-3012-4C75-9FEE-6CDB9732B1FF}.Debug|Any CPU.Build.0 = Debug|Any CPU
		{06E589A1-3012-4C75-9FEE-6CDB9732B1FF}.Release|Any CPU.ActiveCfg = Release|Any CPU
		{06E589A1-3012-4C75-9FEE-6CDB9732B1FF}.Release|Any CPU.Build.0 = Release|Any CPU
	EndGlobalSection
	GlobalSection(SolutionProperties) = preSolution
		HideSolutionNode = FALSE
	EndGlobalSection
	GlobalSection(ExtensibilityGlobals) = postSolution
		SolutionGuid = {F943CB13-B6B6-4455-B8B5-72B7E12AE279}
	EndGlobalSection
EndGlobal
